
Microsoft Visual Studio Solution File, Format Version 12.00
# Visual Studio Version 17
VisualStudioVersion = 17.14.36616.10 d17.14
MinimumVisualStudioVersion = 10.0.40219.1
Project("{FAE04EC0-301F-11D3-BF4B-00C04F79EFBC}") = "Calculators", "Calculators\Calculators.csproj", "{BDFAE43E-A54A-48D4-BFC4-37590D44F59D}"
EndProject
Global
	GlobalSection(SolutionConfigurationPlatforms) = preSolution
		Debug|Any CPU = Debug|Any CPU
		Release|Any CPU = Release|Any CPU
	EndGlobalSection
	GlobalSection(ProjectConfigurationPlatforms) = postSolution
		{BDFAE43E-A54A-48D4-BFC4-37590D44F59D}.Debug|Any CPU.ActiveCfg = Debug|Any CPU
		{BDFAE43E-A54A-48D4-BFC4-37590D44F59D}.Debug|Any CPU.Build.0 = Debug|Any CPU
		{BDFAE43E-A54A-48D4-BFC4-37590D44F59D}.Release|Any CPU.ActiveCfg = Release|Any CPU
		{BDFAE43E-A54A-48D4-BFC4-37590D44F59D}.Release|Any CPU.Build.0 = Release|Any CPU
	EndGlobalSection
	GlobalSection(SolutionProperties) = preSolution
		HideSolutionNode = FALSE
	EndGlobalSection
	GlobalSection(ExtensibilityGlobals) = postSolution
		SolutionGuid = {9E5F0C6E-F2E5-41D8-93B4-A8F36AD4918A}
	EndGlobalSection
EndGlobal
