
Microsoft Visual Studio Solution File, Format Version 12.00
# Visual Studio Version 17
VisualStudioVersion = 17.14.36616.10 d17.14
MinimumVisualStudioVersion = 10.0.40219.1
Project("{FAE04EC0-301F-11D3-BF4B-00C04F79EFBC}") = "Updated_Mortage_Calculator", "Updated_Mortage_Calculator\Updated_Mortage_Calculator.csproj", "{8DDA257E-416B-4227-B2DF-9E0749432414}"
EndProject
Global
	GlobalSection(SolutionConfigurationPlatforms) = preSolution
		Debug|Any CPU = Debug|Any CPU
		Release|Any CPU = Release|Any CPU
	EndGlobalSection
	GlobalSection(ProjectConfigurationPlatforms) = postSolution
		{8DDA257E-416B-4227-B2DF-9E0749432414}.Debug|Any CPU.ActiveCfg = Debug|Any CPU
		{8DDA257E-416B-4227-B2DF-9E0749432414}.Debug|Any CPU.Build.0 = Debug|Any CPU
		{8DDA257E-416B-4227-B2DF-9E0749432414}.Release|Any CPU.ActiveCfg = Release|Any CPU
		{8DDA257E-416B-4227-B2DF-9E0749432414}.Release|Any CPU.Build.0 = Release|Any CPU
	EndGlobalSection
	GlobalSection(SolutionProperties) = preSolution
		HideSolutionNode = FALSE
	EndGlobalSection
	GlobalSection(ExtensibilityGlobals) = postSolution
		SolutionGuid = {9959C45C-4895-480C-B160-C76D9CA22882}
	EndGlobalSection
EndGlobal
